
Microsoft Visual Studio Solution File, Format Version 12.00
# Visual Studio Version 17
VisualStudioVersion = 17.2.32630.192
MinimumVisualStudioVersion = 10.0.40219.1
Project("{FAE04EC0-301F-11D3-BF4B-00C04F79EFBC}") = "rainbow-console", "rainbow-console.csproj", "{B218164F-3BEC-4999-9045-660B2900AF55}"
EndProject
Global
	GlobalSection(SolutionConfigurationPlatforms) = preSolution
		Debug|Any CPU = Debug|Any CPU
		Release|Any CPU = Release|Any CPU
	EndGlobalSection
	GlobalSection(ProjectConfigurationPlatforms) = postSolution
		{B218164F-3BEC-4999-9045-660B2900AF55}.Debug|Any CPU.ActiveCfg = Debug|Any CPU
		{B218164F-3BEC-4999-9045-660B2900AF55}.Debug|Any CPU.Build.0 = Debug|Any CPU
		{B218164F-3BEC-4999-9045-660B2900AF55}.Release|Any CPU.ActiveCfg = Release|Any CPU
		{B218164F-3BEC-4999-9045-660B2900AF55}.Release|Any CPU.Build.0 = Release|Any CPU
	EndGlobalSection
	GlobalSection(SolutionProperties) = preSolution
		HideSolutionNode = FALSE
	EndGlobalSection
	GlobalSection(ExtensibilityGlobals) = postSolution
		SolutionGuid = {0473E877-593F-4852-982D-4052C44C739F}
	EndGlobalSection
EndGlobal
